{
  "name": "rotten-pork",
  "version": "1.0.0",
  "lockfileVersion": 1,
  "requires": true,
  "dependencies": {
    "lazysizes": {
      "version": "5.3.0-beta1",
      "resolved": "https://registry.npmjs.org/lazysizes/-/lazysizes-5.3.0-beta1.tgz",
      "integrity": "sha512-4ZEoV4UXvz5L96XBuaFphGlq8BVi78kIA4kL3ls2qSYMEgGBdXMgsh8u+bTVjbdwbXfzXtWc71OH4EfEEPVZoA=="
    },
    "tiny-slider": {
      "version": "2.9.3",
      "resolved": "https://registry.npmjs.org/tiny-slider/-/tiny-slider-2.9.3.tgz",
      "integrity": "sha512-KZY45m+t3fb3Kwlqsic0PIos1lgTNXBEC5N/AhI3aNEcryrd0nXohZMbVPMkcNYdbLjY1IUJAXWYAO6/RGJnKw=="
    }
  }
}
